version = 1
revision = 3
requires-python = ">=3.13"

[[package]]
name = "ltaisle"
version = "0.1.0"
source = { editable = "." }
dependencies = [
    { name = "nbtlib" },
]

[package.dev-dependencies]
dev = [
    { name = "uv" },
]

[package.metadata]
requires-dist = [{ name = "nbtlib", specifier = "~=1.12.1" }]

[package.metadata.requires-dev]
dev = [{ name = "uv", specifier = ">=0.9.26" }]

[[package]]
name = "nbtlib"
version = "1.12.1"
source = { registry = "https://pypi.org/simple" }
dependencies = [
    { name = "numpy" },
]
sdist = { url = "https://files.pythonhosted.org/packages/d7/2d/d5b3db07f73629838bc61e67dc9dc764e1fff2c3f1d8ab2a27186476907c/nbtlib-1.12.1.tar.gz", hash = "sha256:1642e34ace7131718c21354562a183757613f3554445e6fcf8effb155b6591f5", size = 29004, upload-time = "2021-08-30T21:03:24.913Z" }
wheels = [
    { url = "https://files.pythonhosted.org/packages/1d/29/2cb2516761e2626240b38d8251793f7880890509383bab5d35c6e409cb2e/nbtlib-1.12.1-py3-none-any.whl", hash = "sha256:55e6811aa4e4bfe9000cbe026f1fe540ebc231c8a3f3558d7819c6c7274001c6", size = 28560, upload-time = "2021-08-30T21:03:13.639Z" },
]

[[package]]
name = "numpy"
version = "2.4.1"
source = { registry = "https://pypi.org/simple" }
sdist = { url = "https://files.pythonhosted.org/packages/24/62/ae72ff66c0f1fd959925b4c11f8c2dea61f47f6acaea75a08512cdfe3fed/numpy-2.4.1.tar.gz", hash = "sha256:a1ceafc5042451a858231588a104093474c6a5c57dcc724841f5c888d237d690", size = 20721320, upload-time = "2026-01-10T06:44:59.619Z" }
wheels = [
    { url = "https://files.pythonhosted.org/packages/04/68/732d4b7811c00775f3bd522a21e8dd5a23f77eb11acdeb663e4a4ebf0ef4/numpy-2.4.1-cp313-cp313-macosx_10_13_x86_64.whl", hash = "sha256:d797454e37570cfd61143b73b8debd623c3c0952959adb817dd310a483d58a1b", size = 16652495, upload-time = "2026-01-10T06:43:06.283Z" },
    { url = "https://files.pythonhosted.org/packages/20/ca/857722353421a27f1465652b2c66813eeeccea9d76d5f7b74b99f298e60e/numpy-2.4.1-cp313-cp313-macosx_11_0_arm64.whl", hash = "sha256:82c55962006156aeef1629b953fd359064aa47e4d82cfc8e67f0918f7da3344f", size = 12368657, upload-time = "2026-01-10T06:43:09.094Z" },
    { url = "https://files.pythonhosted.org/packages/81/0d/2377c917513449cc6240031a79d30eb9a163d32a91e79e0da47c43f2c0c8/numpy-2.4.1-cp313-cp313-macosx_14_0_arm64.whl", hash = "sha256:71abbea030f2cfc3092a0ff9f8c8fdefdc5e0bf7d9d9c99663538bb0ecdac0b9", size = 5197256, upload-time = "2026-01-10T06:43:13.634Z" },
    { url = "https://files.pythonhosted.org/packages/17/39/569452228de3f5de9064ac75137082c6214be1f5c532016549a7923ab4b5/numpy-2.4.1-cp313-cp313-macosx_14_0_x86_64.whl", hash = "sha256:5b55aa56165b17aaf15520beb9cbd33c9039810e0d9643dd4379e44294c7303e", size = 6545212, upload-time = "2026-01-10T06:43:15.661Z" },
    { url = "https://files.pythonhosted.org/packages/8c/a4/77333f4d1e4dac4395385482557aeecf4826e6ff517e32ca48e1dafbe42a/numpy-2.4.1-cp313-cp313-manylinux_2_27_aarch64.manylinux_2_28_aarch64.whl", hash = "sha256:c0faba4a331195bfa96f93dd9dfaa10b2c7aa8cda3a02b7fd635e588fe821bf5", size = 14402871, upload-time = "2026-01-10T06:43:17.324Z" },
    { url = "https://files.pythonhosted.org/packages/ba/87/d341e519956273b39d8d47969dd1eaa1af740615394fe67d06f1efa68773/numpy-2.4.1-cp313-cp313-manylinux_2_27_x86_64.manylinux_2_28_x86_64.whl", hash = "sha256:d3e3087f53e2b4428766b54932644d148613c5a595150533ae7f00dab2f319a8", size = 16359305, upload-time = "2026-01-10T06:43:19.376Z" },
    { url = "https://files.pythonhosted.org/packages/32/91/789132c6666288eaa20ae8066bb99eba1939362e8f1a534949a215246e97/numpy-2.4.1-cp313-cp313-musllinux_1_2_aarch64.whl", hash = "sha256:49e792ec351315e16da54b543db06ca8a86985ab682602d90c60ef4ff4db2a9c", size = 16181909, upload-time = "2026-01-10T06:43:21.808Z" },
    { url = "https://files.pythonhosted.org/packages/cf/b8/090b8bd27b82a844bb22ff8fdf7935cb1980b48d6e439ae116f53cdc2143/numpy-2.4.1-cp313-cp313-musllinux_1_2_x86_64.whl", hash = "sha256:79e9e06c4c2379db47f3f6fc7a8652e7498251789bf8ff5bd43bf478ef314ca2", size = 18284380, upload-time = "2026-01-10T06:43:23.957Z" },
    { url = "https://files.pythonhosted.org/packages/67/78/722b62bd31842ff029412271556a1a27a98f45359dea78b1548a3a9996aa/numpy-2.4.1-cp313-cp313-win32.whl", hash = "sha256:3d1a100e48cb266090a031397863ff8a30050ceefd798f686ff92c67a486753d", size = 5957089, upload-time = "2026-01-10T06:43:27.535Z" },
    { url = "https://files.pythonhosted.org/packages/da/a6/cf32198b0b6e18d4fbfa9a21a992a7fca535b9bb2b0cdd217d4a3445b5ca/numpy-2.4.1-cp313-cp313-win_amd64.whl", hash = "sha256:92a0e65272fd60bfa0d9278e0484c2f52fe03b97aedc02b357f33fe752c52ffb", size = 12307230, upload-time = "2026-01-10T06:43:29.298Z" },
    { url = "https://files.pythonhosted.org/packages/44/6c/534d692bfb7d0afe30611320c5fb713659dcb5104d7cc182aff2aea092f5/numpy-2.4.1-cp313-cp313-win_arm64.whl", hash = "sha256:20d4649c773f66cc2fc36f663e091f57c3b7655f936a4c681b4250855d1da8f5", size = 10313125, upload-time = "2026-01-10T06:43:31.782Z" },
    { url = "https://files.pythonhosted.org/packages/da/a1/354583ac5c4caa566de6ddfbc42744409b515039e085fab6e0ff942e0df5/numpy-2.4.1-cp313-cp313t-macosx_11_0_arm64.whl", hash = "sha256:f93bc6892fe7b0663e5ffa83b61aab510aacffd58c16e012bb9352d489d90cb7", size = 12496156, upload-time = "2026-01-10T06:43:34.237Z" },
    { url = "https://files.pythonhosted.org/packages/51/b0/42807c6e8cce58c00127b1dc24d365305189991f2a7917aa694a109c8d7d/numpy-2.4.1-cp313-cp313t-macosx_14_0_arm64.whl", hash = "sha256:178de8f87948163d98a4c9ab5bee4ce6519ca918926ec8df195af582de28544d", size = 5324663, upload-time = "2026-01-10T06:43:36.211Z" },
    { url = "https://files.pythonhosted.org/packages/fe/55/7a621694010d92375ed82f312b2f28017694ed784775269115323e37f5e2/numpy-2.4.1-cp313-cp313t-macosx_14_0_x86_64.whl", hash = "sha256:98b35775e03ab7f868908b524fc0a84d38932d8daf7b7e1c3c3a1b6c7a2c9f15", size = 6645224, upload-time = "2026-01-10T06:43:37.884Z" },
    { url = "https://files.pythonhosted.org/packages/50/96/9fa8635ed9d7c847d87e30c834f7109fac5e88549d79ef3324ab5c20919f/numpy-2.4.1-cp313-cp313t-manylinux_2_27_aarch64.manylinux_2_28_aarch64.whl", hash = "sha256:941c2a93313d030f219f3a71fd3d91a728b82979a5e8034eb2e60d394a2b83f9", size = 14462352, upload-time = "2026-01-10T06:43:39.479Z" },
    { url = "https://files.pythonhosted.org/packages/03/d1/8cf62d8bb2062da4fb82dd5d49e47c923f9c0738032f054e0a75342faba7/numpy-2.4.1-cp313-cp313t-manylinux_2_27_x86_64.manylinux_2_28_x86_64.whl", hash = "sha256:529050522e983e00a6c1c6b67411083630de8b57f65e853d7b03d9281b8694d2", size = 16407279, upload-time = "2026-01-10T06:43:41.93Z" },
    { url = "https://files.pythonhosted.org/packages/86/1c/95c86e17c6b0b31ce6ef219da00f71113b220bcb14938c8d9a05cee0ff53/numpy-2.4.1-cp313-cp313t-musllinux_1_2_aarch64.whl", hash = "sha256:2302dc0224c1cbc49bb94f7064f3f923a971bfae45c33870dcbff63a2a550505", size = 16248316, upload-time = "2026-01-10T06:43:44.121Z" },
    { url = "https://files.pythonhosted.org/packages/30/b4/e7f5ff8697274c9d0fa82398b6a372a27e5cef069b37df6355ccb1f1db1a/numpy-2.4.1-cp313-cp313t-musllinux_1_2_x86_64.whl", hash = "sha256:9171a42fcad32dcf3fa86f0a4faa5e9f8facefdb276f54b8b390d90447cff4e2", size = 18329884, upload-time = "2026-01-10T06:43:46.613Z" },
    { url = "https://files.pythonhosted.org/packages/37/a4/b073f3e9d77f9aec8debe8ca7f9f6a09e888ad1ba7488f0c3b36a94c03ac/numpy-2.4.1-cp313-cp313t-win32.whl", hash = "sha256:382ad67d99ef49024f11d1ce5dcb5ad8432446e4246a4b014418ba3a1175a1f4", size = 6081138, upload-time = "2026-01-10T06:43:48.854Z" },
    { url = "https://files.pythonhosted.org/packages/16/16/af42337b53844e67752a092481ab869c0523bc95c4e5c98e4dac4e9581ac/numpy-2.4.1-cp313-cp313t-win_amd64.whl", hash = "sha256:62fea415f83ad8fdb6c20840578e5fbaf5ddd65e0ec6c3c47eda0f69da172510", size = 12447478, upload-time = "2026-01-10T06:43:50.476Z" },
    { url = "https://files.pythonhosted.org/packages/6c/f8/fa85b2eac68ec631d0b631abc448552cb17d39afd17ec53dcbcc3537681a/numpy-2.4.1-cp313-cp313t-win_arm64.whl", hash = "sha256:a7870e8c5fc11aef57d6fea4b4085e537a3a60ad2cdd14322ed531fdca68d261", size = 10382981, upload-time = "2026-01-10T06:43:52.575Z" },
    { url = "https://files.pythonhosted.org/packages/1b/a7/ef08d25698e0e4b4efbad8d55251d20fe2a15f6d9aa7c9b30cd03c165e6f/numpy-2.4.1-cp314-cp314-macosx_10_15_x86_64.whl", hash = "sha256:3869ea1ee1a1edc16c29bbe3a2f2a4e515cc3a44d43903ad41e0cacdbaf733dc", size = 16652046, upload-time = "2026-01-10T06:43:54.797Z" },
    { url = "https://files.pythonhosted.org/packages/8f/39/e378b3e3ca13477e5ac70293ec027c438d1927f18637e396fe90b1addd72/numpy-2.4.1-cp314-cp314-macosx_11_0_arm64.whl", hash = "sha256:e867df947d427cdd7a60e3e271729090b0f0df80f5f10ab7dd436f40811699c3", size = 12378858, upload-time = "2026-01-10T06:43:57.099Z" },
    { url = "https://files.pythonhosted.org/packages/c3/74/7ec6154f0006910ed1fdbb7591cf4432307033102b8a22041599935f8969/numpy-2.4.1-cp314-cp314-macosx_14_0_arm64.whl", hash = "sha256:e3bd2cb07841166420d2fa7146c96ce00cb3410664cbc1a6be028e456c4ee220", size = 5207417, upload-time = "2026-01-10T06:43:59.037Z" },
    { url = "https://files.pythonhosted.org/packages/f7/b7/053ac11820d84e42f8feea5cb81cc4fcd1091499b45b1ed8c7415b1bf831/numpy-2.4.1-cp314-cp314-macosx_14_0_x86_64.whl", hash = "sha256:f0a90aba7d521e6954670550e561a4cb925713bd944445dbe9e729b71f6cabee", size = 6542643, upload-time = "2026-01-10T06:44:01.852Z" },
    { url = "https://files.pythonhosted.org/packages/c0/c4/2e7908915c0e32ca636b92e4e4a3bdec4cb1e7eb0f8aedf1ed3c68a0d8cd/numpy-2.4.1-cp314-cp314-manylinux_2_27_aarch64.manylinux_2_28_aarch64.whl", hash = "sha256:5d558123217a83b2d1ba316b986e9248a1ed1971ad495963d555ccd75dcb1556", size = 14418963, upload-time = "2026-01-10T06:44:04.047Z" },
    { url = "https://files.pythonhosted.org/packages/eb/c0/3ed5083d94e7ffd7c404e54619c088e11f2e1939a9544f5397f4adb1b8ba/numpy-2.4.1-cp314-cp314-manylinux_2_27_x86_64.manylinux_2_28_x86_64.whl", hash = "sha256:2f44de05659b67d20499cbc96d49f2650769afcb398b79b324bb6e297bfe3844", size = 16363811, upload-time = "2026-01-10T06:44:06.207Z" },
    { url = "https://files.pythonhosted.org/packages/0e/68/42b66f1852bf525050a67315a4fb94586ab7e9eaa541b1bef530fab0c5dd/numpy-2.4.1-cp314-cp314-musllinux_1_2_aarch64.whl", hash = "sha256:69e7419c9012c4aaf695109564e3387f1259f001b4326dfa55907b098af082d3", size = 16197643, upload-time = "2026-01-10T06:44:08.33Z" },
    { url = "https://files.pythonhosted.org/packages/d2/40/e8714fc933d85f82c6bfc7b998a0649ad9769a32f3494ba86598aaf18a48/numpy-2.4.1-cp314-cp314-musllinux_1_2_x86_64.whl", hash = "sha256:2ffd257026eb1b34352e749d7cc1678b5eeec3e329ad8c9965a797e08ccba205", size = 18289601, upload-time = "2026-01-10T06:44:10.841Z" },
    { url = "https://files.pythonhosted.org/packages/80/9a/0d44b468cad50315127e884802351723daca7cf1c98d102929468c81d439/numpy-2.4.1-cp314-cp314-win32.whl", hash = "sha256:727c6c3275ddefa0dc078524a85e064c057b4f4e71ca5ca29a19163c607be745", size = 6005722, upload-time = "2026-01-10T06:44:13.332Z" },
    { url = "https://files.pythonhosted.org/packages/7e/bb/c6513edcce5a831810e2dddc0d3452ce84d208af92405a0c2e58fd8e7881/numpy-2.4.1-cp314-cp314-win_amd64.whl", hash = "sha256:7d5d7999df434a038d75a748275cd6c0094b0ecdb0837342b332a82defc4dc4d", size = 12438590, upload-time = "2026-01-10T06:44:15.006Z" },
    { url = "https://files.pythonhosted.org/packages/e9/da/a598d5cb260780cf4d255102deba35c1d072dc028c4547832f45dd3323a8/numpy-2.4.1-cp314-cp314-win_arm64.whl", hash = "sha256:ce9ce141a505053b3c7bce3216071f3bf5c182b8b28930f14cd24d43932cd2df", size = 10596180, upload-time = "2026-01-10T06:44:17.386Z" },
    { url = "https://files.pythonhosted.org/packages/de/bc/ea3f2c96fcb382311827231f911723aeff596364eb6e1b6d1d91128aa29b/numpy-2.4.1-cp314-cp314t-macosx_11_0_arm64.whl", hash = "sha256:4e53170557d37ae404bf8d542ca5b7c629d6efa1117dac6a83e394142ea0a43f", size = 12498774, upload-time = "2026-01-10T06:44:19.467Z" },
    { url = "https://files.pythonhosted.org/packages/aa/ab/ef9d939fe4a812648c7a712610b2ca6140b0853c5efea361301006c02ae5/numpy-2.4.1-cp314-cp314t-macosx_14_0_arm64.whl", hash = "sha256:a73044b752f5d34d4232f25f18160a1cc418ea4507f5f11e299d8ac36875f8a0", size = 5327274, upload-time = "2026-01-10T06:44:23.189Z" },
    { url = "https://files.pythonhosted.org/packages/bd/31/d381368e2a95c3b08b8cf7faac6004849e960f4a042d920337f71cef0cae/numpy-2.4.1-cp314-cp314t-macosx_14_0_x86_64.whl", hash = "sha256:fb1461c99de4d040666ca0444057b06541e5642f800b71c56e6ea92d6a853a0c", size = 6648306, upload-time = "2026-01-10T06:44:25.012Z" },
    { url = "https://files.pythonhosted.org/packages/c8/e5/0989b44ade47430be6323d05c23207636d67d7362a1796ccbccac6773dd2/numpy-2.4.1-cp314-cp314t-manylinux_2_27_aarch64.manylinux_2_28_aarch64.whl", hash = "sha256:423797bdab2eeefbe608d7c1ec7b2b4fd3c58d51460f1ee26c7500a1d9c9ee93", size = 14464653, upload-time = "2026-01-10T06:44:26.706Z" },
    { url = "https://files.pythonhosted.org/packages/10/a7/cfbe475c35371cae1358e61f20c5f075badc18c4797ab4354140e1d283cf/numpy-2.4.1-cp314-cp314t-manylinux_2_27_x86_64.manylinux_2_28_x86_64.whl", hash = "sha256:52b5f61bdb323b566b528899cc7db2ba5d1015bda7ea811a8bcf3c89c331fa42", size = 16405144, upload-time = "2026-01-10T06:44:29.378Z" },
    { url = "https://files.pythonhosted.org/packages/f8/a3/0c63fe66b534888fa5177cc7cef061541064dbe2b4b60dcc60ffaf0d2157/numpy-2.4.1-cp314-cp314t-musllinux_1_2_aarch64.whl", hash = "sha256:42d7dd5fa36d16d52a84f821eb96031836fd405ee6955dd732f2023724d0aa01", size = 16247425, upload-time = "2026-01-10T06:44:31.721Z" },
    { url = "https://files.pythonhosted.org/packages/6b/2b/55d980cfa2c93bd40ff4c290bf824d792bd41d2fe3487b07707559071760/numpy-2.4.1-cp314-cp314t-musllinux_1_2_x86_64.whl", hash = "sha256:e7b6b5e28bbd47b7532698e5db2fe1db693d84b58c254e4389d99a27bb9b8f6b", size = 18330053, upload-time = "2026-01-10T06:44:34.617Z" },
    { url = "https://files.pythonhosted.org/packages/23/12/8b5fc6b9c487a09a7957188e0943c9ff08432c65e34567cabc1623b03a51/numpy-2.4.1-cp314-cp314t-win32.whl", hash = "sha256:5de60946f14ebe15e713a6f22850c2372fa72f4ff9a432ab44aa90edcadaa65a", size = 6152482, upload-time = "2026-01-10T06:44:36.798Z" },
    { url = "https://files.pythonhosted.org/packages/00/a5/9f8ca5856b8940492fc24fbe13c1bc34d65ddf4079097cf9e53164d094e1/numpy-2.4.1-cp314-cp314t-win_amd64.whl", hash = "sha256:8f085da926c0d491ffff3096f91078cc97ea67e7e6b65e490bc8dcda65663be2", size = 12627117, upload-time = "2026-01-10T06:44:38.828Z" },
    { url = "https://files.pythonhosted.org/packages/ad/0d/eca3d962f9eef265f01a8e0d20085c6dd1f443cbffc11b6dede81fd82356/numpy-2.4.1-cp314-cp314t-win_arm64.whl", hash = "sha256:6436cffb4f2bf26c974344439439c95e152c9a527013f26b3577be6c2ca64295", size = 10667121, upload-time = "2026-01-10T06:44:41.644Z" },
]

[[package]]
name = "uv"
version = "0.9.27"
source = { registry = "https://pypi.org/simple" }
sdist = { url = "https://files.pythonhosted.org/packages/92/70/611bcee4385b7aa00cf7acf29bc51854c365ee09ddb2cdb14b07a36b4db8/uv-0.9.27.tar.gz", hash = "sha256:9147862902b5d40894f78339803225e39b0535c4c04537188de160eb7635e46b", size = 3830404, upload-time = "2026-01-26T23:27:43.442Z" }
wheels = [
    { url = "https://files.pythonhosted.org/packages/53/f1/9e9afb9fadb73f7914a0fc63b6f9d182b6fe6b1e55deb7cbdc29ff31299f/uv-0.9.27-py3-none-linux_armv6l.whl", hash = "sha256:ce3f16e66a96dcdc63f6ada9f7747686930986d2df104a9dd2d09664b2d870c8", size = 22011502, upload-time = "2026-01-26T23:27:31.714Z" },
    { url = "https://files.pythonhosted.org/packages/ea/b2/c36a87f5c745d310b7d8a53df053d6a87864aa38e3a964b0845eb6de37cc/uv-0.9.27-py3-none-macosx_10_12_x86_64.whl", hash = "sha256:a662a7df5cc781ae7baa65171b5d488d946ea93e61b7bbeda5a24d21a0cd9003", size = 21081065, upload-time = "2026-01-26T23:28:11.895Z" },
    { url = "https://files.pythonhosted.org/packages/44/1d/be2d80573c531389933059f6e5ef265ef7324c268f3ade80e500aa627f6b/uv-0.9.27-py3-none-macosx_11_0_arm64.whl", hash = "sha256:8f00158023e77600da602c5f1fa97cd8c2eef987d6aba34c16cf04a3e5a932f4", size = 19844905, upload-time = "2026-01-26T23:27:34.486Z" },
    { url = "https://files.pythonhosted.org/packages/3e/f7/59679af9f0446d8ffc1239e3356390c95925e0004549b64df3f189b1422b/uv-0.9.27-py3-none-manylinux_2_17_aarch64.manylinux2014_aarch64.musllinux_1_1_aarch64.whl", hash = "sha256:5f2393051ed2023cc7d6ff99e41184b7c7bb7da001bc727cd4bee6da96f4a966", size = 21592623, upload-time = "2026-01-26T23:27:51.132Z" },
    { url = "https://files.pythonhosted.org/packages/e2/31/0faaad82951fc6b14dfad8e187e43747a528aa50ee283385f903e86d67d1/uv-0.9.27-py3-none-manylinux_2_17_armv7l.manylinux2014_armv7l.musllinux_1_1_armv7l.whl", hash = "sha256:3f8cf7a50a95ae5cb0366d24edf79d15b3ba380b462af49e3404f9f7b91101c7", size = 21636917, upload-time = "2026-01-26T23:27:46.252Z" },
    { url = "https://files.pythonhosted.org/packages/c2/8a/e181c32b7f5309fd987667d368fb944822c713e92a7eba3c73d2eddec6cd/uv-0.9.27-py3-none-manylinux_2_17_armv7l.manylinux2014_armv7l.whl", hash = "sha256:c331e0445465ea6029e2dd0f5499024e552136c10069fac0ca21708f2aeb1ce6", size = 21633082, upload-time = "2026-01-26T23:28:09.417Z" },
    { url = "https://files.pythonhosted.org/packages/da/0e/1d44157bc8e5d1c382db087d9a30ab85fc7b5c2d610fb2e3d861c5a69d9b/uv-0.9.27-py3-none-manylinux_2_17_i686.manylinux2014_i686.whl", hash = "sha256:a56e0c92da67060d4c86a3b92b2c69e8fb1d61933636764aba16531ddb13f6e3", size = 22843044, upload-time = "2026-01-26T23:27:29.091Z" },
    { url = "https://files.pythonhosted.org/packages/eb/76/7c1b13e4dc8237dd3721f4ec933bb2e5be400fd2812cf98dc2be645a0f7d/uv-0.9.27-py3-none-manylinux_2_17_ppc64.manylinux2014_ppc64.whl", hash = "sha256:0c9b2e874f5207a50b852726f3a0740eadf30baf2c7973380d697f4e3166d347", size = 24141329, upload-time = "2026-01-26T23:27:39.705Z" },
    { url = "https://files.pythonhosted.org/packages/6f/04/551749fd863cb43290c9a3f4348ccdd88ec0445c26a00ba840d776572867/uv-0.9.27-py3-none-manylinux_2_17_ppc64le.manylinux2014_ppc64le.whl", hash = "sha256:79841a2e4df4a32f22fbb0919c3e513226684572fba227b37467ba6404f3fafd", size = 23637517, upload-time = "2026-01-26T23:27:37.111Z" },
    { url = "https://files.pythonhosted.org/packages/d9/c6/78b619a51a6646af4633714b161f980ab764cc892e0f79228162fba51fe8/uv-0.9.27-py3-none-manylinux_2_17_s390x.manylinux2014_s390x.whl", hash = "sha256:33902c95b561ac67d15c339fe1eaf39e068372c7464c79c3bd0e2bf9ee914dcb", size = 22864516, upload-time = "2026-01-26T23:27:56.35Z" },
    { url = "https://files.pythonhosted.org/packages/15/19/b35928e55307beb69b60b88446df3cb8d7ff3ba0993fc2214a43266c17d1/uv-0.9.27-py3-none-manylinux_2_17_x86_64.manylinux2014_x86_64.whl", hash = "sha256:79939f7e92d707fb84933509df747d1b88b00d94ebe41f3a1e30916cc33c7307", size = 22746151, upload-time = "2026-01-26T23:27:26.166Z" },
    { url = "https://files.pythonhosted.org/packages/9f/70/fbab20d40afe7ac9ec20011acec75f8bb3b9b83dfbe2cdb1405cad7a8cf2/uv-0.9.27-py3-none-manylinux_2_28_aarch64.whl", hash = "sha256:7e2d4183a0dca7596ea6385e9d5a0a87ada4f71a70aa110e2b22234370b8d8ef", size = 21661188, upload-time = "2026-01-26T23:27:53.79Z" },
    { url = "https://files.pythonhosted.org/packages/44/02/4d4cf298bd22e53d6c289404b093cf876e64ee1fb946cc32a6f965030629/uv-0.9.27-py3-none-manylinux_2_31_riscv64.whl", hash = "sha256:1555ab7bc8501144e8771e54a628eb02cb95f3612d54659bb7132576260feee5", size = 22397798, upload-time = "2026-01-26T23:28:07.102Z" },
    { url = "https://files.pythonhosted.org/packages/97/29/3acef6a0eea58afbf7f7a08e4258430e3c7394a6b1e28249450f4c0ddc60/uv-0.9.27-py3-none-musllinux_1_1_i686.whl", hash = "sha256:542731a6f53072e725959a9c839b195048715d840213d9834d36f74fa4249855", size = 22111665, upload-time = "2026-01-26T23:27:58.762Z" },
    { url = "https://files.pythonhosted.org/packages/13/15/1e7b34f02e8f53c9498311f991421e794ad57fa60a2d3e41b43485e914e4/uv-0.9.27-py3-none-musllinux_1_1_x86_64.whl", hash = "sha256:4f534ad701ca3fffac4a8e1df2a36930e6a0cbf4dad52aeabc2c3c9e2cbbe65e", size = 22951420, upload-time = "2026-01-26T23:27:48.818Z" },
    { url = "https://files.pythonhosted.org/packages/aa/c5/c3bb3a5885891ed8fe7dcc897db03366f3e19da8bf48ae8f5ea4da34545d/uv-0.9.27-py3-none-win32.whl", hash = "sha256:18aab0e19634997366907a9b8a1648e79b0fa34d1b86d8e8ee1e7ba5b9faa6ae", size = 20817398, upload-time = "2026-01-26T23:28:14.265Z" },
    { url = "https://files.pythonhosted.org/packages/db/19/22d2671928f6d2fef1edfdbf758abbb5a0f218b69fd23bd5fd52bbe5b078/uv-0.9.27-py3-none-win_amd64.whl", hash = "sha256:f961c53f83ae6a01e3ffacc584c91044958bc6db003e803c490e106a79981222", size = 23412228, upload-time = "2026-01-26T23:28:01.547Z" },
    { url = "https://files.pythonhosted.org/packages/17/eb/9a71112e2266b79da552a4b2ffb52331ca7171437b901705427f8e54e77c/uv-0.9.27-py3-none-win_arm64.whl", hash = "sha256:463327fb343c3085a3333389d6e5908cb48203b327707790c06bdc8f2ca57b95", size = 21836206, upload-time = "2026-01-26T23:28:04.411Z" },
]
